{
  "name": "be-written",
  "version": "0.0.0",
  "lockfileVersion": 2,
  "requires": true,
  "packages": {
    "": {
      "name": "be-written",
      "version": "0.0.0",
      "license": "MIT",
      "dependencies": {
        "be-decorated": "0.0.205",
        "stream-orator": "0.0.9"
      }
    },
    "node_modules/be-decorated": {
      "version": "0.0.205",
      "resolved": "https://registry.npmjs.org/be-decorated/-/be-decorated-0.0.205.tgz",
      "integrity": "sha512-uAxeznEMSWU9ayimGaPT9dCakKZv099GbbXk0tTN+A0qBstmPehdHGIpXpJYKWFi2d3J5FjFxPdMGY9/doleew==",
      "dependencies": {
        "trans-render": "0.0.650"
      }
    },
    "node_modules/stream-orator": {
      "version": "0.0.9",
      "resolved": "https://registry.npmjs.org/stream-orator/-/stream-orator-0.0.9.tgz",
      "integrity": "sha512-IiITqbJLK8s9Bumfy3vQ5zrhDzoK3KghgGxTcKO2W3ICPJbVlDEO2ww5QHpPSnfT0MFiKD4GZIid/CbfRoS3bg=="
    },
    "node_modules/trans-render": {
      "version": "0.0.650",
      "resolved": "https://registry.npmjs.org/trans-render/-/trans-render-0.0.650.tgz",
      "integrity": "sha512-/jkFZWb5uXROQGnpuh5pZ3M+M9C9MJFhwBTtpckDEf2ReKP/OPTcRmMkmCsLFsLdn5NSaxVHnq9gMNErjdJebA=="
    }
  },
  "dependencies": {
    "be-decorated": {
      "version": "0.0.205",
      "resolved": "https://registry.npmjs.org/be-decorated/-/be-decorated-0.0.205.tgz",
      "integrity": "sha512-uAxeznEMSWU9ayimGaPT9dCakKZv099GbbXk0tTN+A0qBstmPehdHGIpXpJYKWFi2d3J5FjFxPdMGY9/doleew==",
      "requires": {
        "trans-render": "0.0.650"
      }
    },
    "stream-orator": {
      "version": "0.0.9",
      "resolved": "https://registry.npmjs.org/stream-orator/-/stream-orator-0.0.9.tgz",
      "integrity": "sha512-IiITqbJLK8s9Bumfy3vQ5zrhDzoK3KghgGxTcKO2W3ICPJbVlDEO2ww5QHpPSnfT0MFiKD4GZIid/CbfRoS3bg=="
    },
    "trans-render": {
      "version": "0.0.650",
      "resolved": "https://registry.npmjs.org/trans-render/-/trans-render-0.0.650.tgz",
      "integrity": "sha512-/jkFZWb5uXROQGnpuh5pZ3M+M9C9MJFhwBTtpckDEf2ReKP/OPTcRmMkmCsLFsLdn5NSaxVHnq9gMNErjdJebA=="
    }
  }
}
