{
  "name": "be-written",
  "version": "0.0.0",
  "lockfileVersion": 2,
  "requires": true,
  "packages": {
    "": {
      "name": "be-written",
      "version": "0.0.0",
      "license": "MIT",
      "dependencies": {
        "be-based": "0.0.21",
        "be-decorated": "0.0.205",
        "stream-orator": "0.0.11"
      }
    },
    "node_modules/be-based": {
      "version": "0.0.21",
      "resolved": "https://registry.npmjs.org/be-based/-/be-based-0.0.21.tgz",
      "integrity": "sha512-rM1uGP47EeF/cVjlcIXlsu3SmuqvZQOCGpFKaejPP1fnvyfJ/VoAQHkll5cSIRh8CDk9ZZXzhyKW2N6Bc0M8NQ==",
      "dependencies": {
        "be-decorated": "0.0.182",
        "be-hive": "0.0.76",
        "trans-render": "0.0.628"
      }
    },
    "node_modules/be-based/node_modules/be-decorated": {
      "version": "0.0.182",
      "resolved": "https://registry.npmjs.org/be-decorated/-/be-decorated-0.0.182.tgz",
      "integrity": "sha512-ix9Kz2LqUaDUdeZf8L5Eat4X0eRFEBTIMU4fikYnbY/MfsqWohzwiUEMmDQnp4U7dH88nsIrqFrKZCCEZjWaIA==",
      "dependencies": {
        "trans-render": "0.0.628"
      }
    },
    "node_modules/be-based/node_modules/trans-render": {
      "version": "0.0.628",
      "resolved": "https://registry.npmjs.org/trans-render/-/trans-render-0.0.628.tgz",
      "integrity": "sha512-cTJ8KauW7YpRrH6bH8j1AMGOUm+hP/d/LHqb6xjR+H2i0PMhPm/ES6kMSEoAnh9LWk6WUAsvNM73FylziJWq8Q=="
    },
    "node_modules/be-decorated": {
      "version": "0.0.205",
      "resolved": "https://registry.npmjs.org/be-decorated/-/be-decorated-0.0.205.tgz",
      "integrity": "sha512-uAxeznEMSWU9ayimGaPT9dCakKZv099GbbXk0tTN+A0qBstmPehdHGIpXpJYKWFi2d3J5FjFxPdMGY9/doleew==",
      "dependencies": {
        "trans-render": "0.0.650"
      }
    },
    "node_modules/be-hive": {
      "version": "0.0.76",
      "resolved": "https://registry.npmjs.org/be-hive/-/be-hive-0.0.76.tgz",
      "integrity": "sha512-ev5Abxo7LYTfzgkJJqG2XvtEF67YGmcvembRYiBfR8uN2rG0+44VXbxlZZ4au9YE1XsOOU6CHFouocE2ypgFBA=="
    },
    "node_modules/stream-orator": {
      "version": "0.0.11",
      "resolved": "https://registry.npmjs.org/stream-orator/-/stream-orator-0.0.11.tgz",
      "integrity": "sha512-gu8qFqolgu3GbW6CKHkTBpfbmeYGOXEnoH0GkvIWR5BXL+kgYd91srsxySZPdarCzsHzs+seEauywZDt6EF0wg=="
    },
    "node_modules/trans-render": {
      "version": "0.0.650",
      "resolved": "https://registry.npmjs.org/trans-render/-/trans-render-0.0.650.tgz",
      "integrity": "sha512-/jkFZWb5uXROQGnpuh5pZ3M+M9C9MJFhwBTtpckDEf2ReKP/OPTcRmMkmCsLFsLdn5NSaxVHnq9gMNErjdJebA=="
    }
  },
  "dependencies": {
    "be-based": {
      "version": "0.0.21",
      "resolved": "https://registry.npmjs.org/be-based/-/be-based-0.0.21.tgz",
      "integrity": "sha512-rM1uGP47EeF/cVjlcIXlsu3SmuqvZQOCGpFKaejPP1fnvyfJ/VoAQHkll5cSIRh8CDk9ZZXzhyKW2N6Bc0M8NQ==",
      "requires": {
        "be-decorated": "0.0.182",
        "be-hive": "0.0.76",
        "trans-render": "0.0.628"
      },
      "dependencies": {
        "be-decorated": {
          "version": "0.0.182",
          "resolved": "https://registry.npmjs.org/be-decorated/-/be-decorated-0.0.182.tgz",
          "integrity": "sha512-ix9Kz2LqUaDUdeZf8L5Eat4X0eRFEBTIMU4fikYnbY/MfsqWohzwiUEMmDQnp4U7dH88nsIrqFrKZCCEZjWaIA==",
          "requires": {
            "trans-render": "0.0.628"
          }
        },
        "trans-render": {
          "version": "0.0.628",
          "resolved": "https://registry.npmjs.org/trans-render/-/trans-render-0.0.628.tgz",
          "integrity": "sha512-cTJ8KauW7YpRrH6bH8j1AMGOUm+hP/d/LHqb6xjR+H2i0PMhPm/ES6kMSEoAnh9LWk6WUAsvNM73FylziJWq8Q=="
        }
      }
    },
    "be-decorated": {
      "version": "0.0.205",
      "resolved": "https://registry.npmjs.org/be-decorated/-/be-decorated-0.0.205.tgz",
      "integrity": "sha512-uAxeznEMSWU9ayimGaPT9dCakKZv099GbbXk0tTN+A0qBstmPehdHGIpXpJYKWFi2d3J5FjFxPdMGY9/doleew==",
      "requires": {
        "trans-render": "0.0.650"
      }
    },
    "be-hive": {
      "version": "0.0.76",
      "resolved": "https://registry.npmjs.org/be-hive/-/be-hive-0.0.76.tgz",
      "integrity": "sha512-ev5Abxo7LYTfzgkJJqG2XvtEF67YGmcvembRYiBfR8uN2rG0+44VXbxlZZ4au9YE1XsOOU6CHFouocE2ypgFBA=="
    },
    "stream-orator": {
      "version": "0.0.11",
      "resolved": "https://registry.npmjs.org/stream-orator/-/stream-orator-0.0.11.tgz",
      "integrity": "sha512-gu8qFqolgu3GbW6CKHkTBpfbmeYGOXEnoH0GkvIWR5BXL+kgYd91srsxySZPdarCzsHzs+seEauywZDt6EF0wg=="
    },
    "trans-render": {
      "version": "0.0.650",
      "resolved": "https://registry.npmjs.org/trans-render/-/trans-render-0.0.650.tgz",
      "integrity": "sha512-/jkFZWb5uXROQGnpuh5pZ3M+M9C9MJFhwBTtpckDEf2ReKP/OPTcRmMkmCsLFsLdn5NSaxVHnq9gMNErjdJebA=="
    }
  }
}
